
Microsoft Visual Studio Solution File, Format Version 12.00
# Visual Studio Version 17
VisualStudioVersion = 17.11.35219.272
MinimumVisualStudioVersion = 10.0.40219.1
Project("{FAE04EC0-301F-11D3-BF4B-00C04F79EFBC}") = "MinimalApiExamples", "MinimalApiExamples\MinimalApiExamples.csproj", "{574C51F7-C2F2-48B9-9EFA-6C74A5CE067D}"
EndProject
Global
	GlobalSection(SolutionConfigurationPlatforms) = preSolution
		Debug|Any CPU = Debug|Any CPU
		Release|Any CPU = Release|Any CPU
	EndGlobalSection
	GlobalSection(ProjectConfigurationPlatforms) = postSolution
		{574C51F7-C2F2-48B9-9EFA-6C74A5CE067D}.Debug|Any CPU.ActiveCfg = Debug|Any CPU
		{574C51F7-C2F2-48B9-9EFA-6C74A5CE067D}.Debug|Any CPU.Build.0 = Debug|Any CPU
		{574C51F7-C2F2-48B9-9EFA-6C74A5CE067D}.Release|Any CPU.ActiveCfg = Release|Any CPU
		{574C51F7-C2F2-48B9-9EFA-6C74A5CE067D}.Release|Any CPU.Build.0 = Release|Any CPU
	EndGlobalSection
	GlobalSection(SolutionProperties) = preSolution
		HideSolutionNode = FALSE
	EndGlobalSection
	GlobalSection(ExtensibilityGlobals) = postSolution
		SolutionGuid = {5016A162-77C7-4682-9FD9-6958504A5A01}
	EndGlobalSection
EndGlobal
